Microsoft Visual Studio Solution File, Format Version 12.00
# Visual Studio Version 17
VisualStudioVersion = 17.1.32210.238
MinimumVisualStudioVersion = 10.0.40219.1
Project("{9A19103F-16F7-4668-BE54-9A1E7A4F7556}") = "LabelVal", "LabelVal\LabelVal.csproj", "{75146EE2-F21D-480A-AD5D-9CBF3BCA2A03}"
EndProject
Project("{9A19103F-16F7-4668-BE54-9A1E7A4F7556}") = "V275_REST_Lib", "..\V275_REST_Lib\V275_REST_Lib.csproj", "{00EEF7D0-C97D-42DD-9D72-6C44346E3AFC}"
EndProject
Project("{9A19103F-16F7-4668-BE54-9A1E7A4F7556}") = "JSONViewer_WPF", "..\JSONViewer_WPF\JSONViewer_WPF.csproj", "{B5D1B59E-E828-46A3-BE66-4A9A51BDC562}"
EndProject
Project("{9A19103F-16F7-4668-BE54-9A1E7A4F7556}") = "LibSimpleDatabase", "..\LibDatabases\LibSimpleDatabase\LibSimpleDatabase.csproj", "{B9F4ED67-9D00-43ED-BBFA-1A0AC0F914ED}"
EndProject
Project("{9A19103F-16F7-4668-BE54-9A1E7A4F7556}") = "V5_REST_Lib", "..\V5_REST_Lib\V5_REST_Lib.csproj", "{04223523-CEAC-4C00-9290-ED6145EA5D48}"
EndProject
Project("{9A19103F-16F7-4668-BE54-9A1E7A4F7556}") = "LibStaticUtilities", "..\LibStaticUtilities\LibStaticUtilities\LibStaticUtilities.csproj", "{6BDCE2C9-F0F1-473D-BEEC-8A52AF16D9E7}"
EndProject
Project("{54435603-DBB4-11D2-8724-00A0C9A8B90C}") = "Setup", "Setup\Setup.vdproj", "{E735E8FE-B417-42FD-B5AA-899CC819C222}"
EndProject
Project("{FAE04EC0-301F-11D3-BF4B-00C04F79EFBC}") = "Lvs95xx.lib.Core", "..\Lvs95xx.lib.Core\Lvs95xx.lib.Core.csproj", "{6C314B85-FDC1-472B-AAF1-3D7C9CD55BE8}"
EndProject
Project("{FAE04EC0-301F-11D3-BF4B-00C04F79EFBC}") = "RingBuffer.lib", "..\RingBuffer.lib\RingBuffer.lib.csproj", "{311657AF-AD8B-4403-B3A5-3C4D489337B1}"
EndProject
Project("{FAE04EC0-301F-11D3-BF4B-00C04F79EFBC}") = "WinAPI.lib", "..\WinAPI.lib\WinAPI.lib.csproj", "{B66A8BAF-F6D0-4AC1-B8C5-9D79A72E76E7}"
EndProject
Project("{FAE04EC0-301F-11D3-BF4B-00C04F79EFBC}") = "Watchers.lib", "..\Watchers.lib\Watchers.lib.csproj", "{D35664AC-F77B-4820-A91F-F9911BE73542}"
EndProject
Project("{FAE04EC0-301F-11D3-BF4B-00C04F79EFBC}") = "Lvs95xx.lib.Shared", "..\Lvs95xx.lib.Shared\Lvs95xx.lib.Shared.csproj", "{D973C788-A767-4A98-AE4C-B518109B3F09}"
EndProject
Project("{FAE04EC0-301F-11D3-BF4B-00C04F79EFBC}") = "Logging.lib", "..\Logging.lib\Logging.lib.csproj", "{B9C6857B-9BD1-4646-B566-9E702B2BB55E}"
EndProject
Project("{FAE04EC0-301F-11D3-BF4B-00C04F79EFBC}") = "Wpf.lib", "..\Wpf.lib\Wpf.lib.csproj", "{828BF7BF-2106-4C6C-AD8E-97CACF64DC01}"
EndProject
Project("{FAE04EC0-301F-11D3-BF4B-00C04F79EFBC}") = "BarcodeVerification.lib", "..\BarcodeVerification.lib\BarcodeVerification.lib.csproj", "{A3F67A86-7C71-1C28-AFC9-8446EA39A5BD}"
EndProject
Project("{FAE04EC0-301F-11D3-BF4B-00C04F79EFBC}") = "Cameras_Lib", "..\Cameras_Lib\Cameras_Lib.csproj", "{185C6CB6-5821-6D19-4898-8F4571BCCE20}"
EndProject
Project("{FAE04EC0-301F-11D3-BF4B-00C04F79EFBC}") = "ImageUtilities.lib.Wpf", "..\ImageUtilities.lib\Wpf\ImageUtilities.lib.Wpf.csproj", "{47440603-7AAB-1472-F039-57354F0B1A69}"
EndProject
Project("{FAE04EC0-301F-11D3-BF4B-00C04F79EFBC}") = "BarcodeBuilder.lib.Wpf", "..\BarcodeBuilder.lib.Wpf\BarcodeBuilder.lib.Wpf.csproj", "{45D06149-E44F-D0B5-00D6-8A526EAB2393}"
EndProject
Project("{FAE04EC0-301F-11D3-BF4B-00C04F79EFBC}") = "ZintNet", "..\ZintNet\ZintNet.csproj", "{0AEC3B89-AAC5-4DE3-861F-4DFD9364C5AA}"
EndProject
Global
	GlobalSection(SolutionConfigurationPlatforms) = preSolution
		Debug|Any CPU = Debug|Any CPU
		Release|Any CPU = Release|Any CPU
	EndGlobalSection
	GlobalSection(ProjectConfigurationPlatforms) = postSolution
		{75146EE2-F21D-480A-AD5D-9CBF3BCA2A03}.Debug|Any CPU.ActiveCfg = Debug|Any CPU
		{75146EE2-F21D-480A-AD5D-9CBF3BCA2A03}.Debug|Any CPU.Build.0 = Debug|Any CPU
		{75146EE2-F21D-480A-AD5D-9CBF3BCA2A03}.Release|Any CPU.ActiveCfg = Release|Any CPU
		{75146EE2-F21D-480A-AD5D-9CBF3BCA2A03}.Release|Any CPU.Build.0 = Release|Any CPU
		{00EEF7D0-C97D-42DD-9D72-6C44346E3AFC}.Debug|Any CPU.ActiveCfg = Debug|Any CPU
		{00EEF7D0-C97D-42DD-9D72-6C44346E3AFC}.Debug|Any CPU.Build.0 = Debug|Any CPU
		{00EEF7D0-C97D-42DD-9D72-6C44346E3AFC}.Release|Any CPU.ActiveCfg = Release|Any CPU
		{00EEF7D0-C97D-42DD-9D72-6C44346E3AFC}.Release|Any CPU.Build.0 = Release|Any CPU
		{B5D1B59E-E828-46A3-BE66-4A9A51BDC562}.Debug|Any CPU.ActiveCfg = Debug|Any CPU
		{B5D1B59E-E828-46A3-BE66-4A9A51BDC562}.Debug|Any CPU.Build.0 = Debug|Any CPU
		{B5D1B59E-E828-46A3-BE66-4A9A51BDC562}.Release|Any CPU.ActiveCfg = Release|Any CPU
		{B5D1B59E-E828-46A3-BE66-4A9A51BDC562}.Release|Any CPU.Build.0 = Release|Any CPU
		{B9F4ED67-9D00-43ED-BBFA-1A0AC0F914ED}.Debug|Any CPU.ActiveCfg = Debug|Any CPU
		{B9F4ED67-9D00-43ED-BBFA-1A0AC0F914ED}.Debug|Any CPU.Build.0 = Debug|Any CPU
		{B9F4ED67-9D00-43ED-BBFA-1A0AC0F914ED}.Release|Any CPU.ActiveCfg = Release|Any CPU
		{B9F4ED67-9D00-43ED-BBFA-1A0AC0F914ED}.Release|Any CPU.Build.0 = Release|Any CPU
		{04223523-CEAC-4C00-9290-ED6145EA5D48}.Debug|Any CPU.ActiveCfg = Debug|Any CPU
		{04223523-CEAC-4C00-9290-ED6145EA5D48}.Debug|Any CPU.Build.0 = Debug|Any CPU
		{04223523-CEAC-4C00-9290-ED6145EA5D48}.Release|Any CPU.ActiveCfg = Release|Any CPU
		{04223523-CEAC-4C00-9290-ED6145EA5D48}.Release|Any CPU.Build.0 = Release|Any CPU
		{6BDCE2C9-F0F1-473D-BEEC-8A52AF16D9E7}.Debug|Any CPU.ActiveCfg = Debug|Any CPU
		{6BDCE2C9-F0F1-473D-BEEC-8A52AF16D9E7}.Debug|Any CPU.Build.0 = Debug|Any CPU
		{6BDCE2C9-F0F1-473D-BEEC-8A52AF16D9E7}.Release|Any CPU.ActiveCfg = Release|Any CPU
		{6BDCE2C9-F0F1-473D-BEEC-8A52AF16D9E7}.Release|Any CPU.Build.0 = Release|Any CPU
		{E735E8FE-B417-42FD-B5AA-899CC819C222}.Debug|Any CPU.ActiveCfg = Debug
		{E735E8FE-B417-42FD-B5AA-899CC819C222}.Release|Any CPU.ActiveCfg = Release
		{6C314B85-FDC1-472B-AAF1-3D7C9CD55BE8}.Debug|Any CPU.ActiveCfg = Debug|Any CPU
		{6C314B85-FDC1-472B-AAF1-3D7C9CD55BE8}.Debug|Any CPU.Build.0 = Debug|Any CPU
		{6C314B85-FDC1-472B-AAF1-3D7C9CD55BE8}.Release|Any CPU.ActiveCfg = Release|Any CPU
		{6C314B85-FDC1-472B-AAF1-3D7C9CD55BE8}.Release|Any CPU.Build.0 = Release|Any CPU
		{311657AF-AD8B-4403-B3A5-3C4D489337B1}.Debug|Any CPU.ActiveCfg = Debug|Any CPU
		{311657AF-AD8B-4403-B3A5-3C4D489337B1}.Debug|Any CPU.Build.0 = Debug|Any CPU
		{311657AF-AD8B-4403-B3A5-3C4D489337B1}.Release|Any CPU.ActiveCfg = Release|Any CPU
		{311657AF-AD8B-4403-B3A5-3C4D489337B1}.Release|Any CPU.Build.0 = Release|Any CPU
		{B66A8BAF-F6D0-4AC1-B8C5-9D79A72E76E7}.Debug|Any CPU.ActiveCfg = Debug|Any CPU
		{B66A8BAF-F6D0-4AC1-B8C5-9D79A72E76E7}.Debug|Any CPU.Build.0 = Debug|Any CPU
		{B66A8BAF-F6D0-4AC1-B8C5-9D79A72E76E7}.Release|Any CPU.ActiveCfg = Release|Any CPU
		{B66A8BAF-F6D0-4AC1-B8C5-9D79A72E76E7}.Release|Any CPU.Build.0 = Release|Any CPU
		{D35664AC-F77B-4820-A91F-F9911BE73542}.Debug|Any CPU.ActiveCfg = Debug|Any CPU
		{D35664AC-F77B-4820-A91F-F9911BE73542}.Debug|Any CPU.Build.0 = Debug|Any CPU
		{D35664AC-F77B-4820-A91F-F9911BE73542}.Release|Any CPU.ActiveCfg = Release|Any CPU
		{D35664AC-F77B-4820-A91F-F9911BE73542}.Release|Any CPU.Build.0 = Release|Any CPU
		{D973C788-A767-4A98-AE4C-B518109B3F09}.Debug|Any CPU.ActiveCfg = Debug|Any CPU
		{D973C788-A767-4A98-AE4C-B518109B3F09}.Debug|Any CPU.Build.0 = Debug|Any CPU
		{D973C788-A767-4A98-AE4C-B518109B3F09}.Release|Any CPU.ActiveCfg = Release|Any CPU
		{D973C788-A767-4A98-AE4C-B518109B3F09}.Release|Any CPU.Build.0 = Release|Any CPU
		{B9C6857B-9BD1-4646-B566-9E702B2BB55E}.Debug|Any CPU.ActiveCfg = Debug|Any CPU
		{B9C6857B-9BD1-4646-B566-9E702B2BB55E}.Debug|Any CPU.Build.0 = Debug|Any CPU
		{B9C6857B-9BD1-4646-B566-9E702B2BB55E}.Release|Any CPU.ActiveCfg = Release|Any CPU
		{B9C6857B-9BD1-4646-B566-9E702B2BB55E}.Release|Any CPU.Build.0 = Release|Any CPU
		{828BF7BF-2106-4C6C-AD8E-97CACF64DC01}.Debug|Any CPU.ActiveCfg = Debug|Any CPU
		{828BF7BF-2106-4C6C-AD8E-97CACF64DC01}.Debug|Any CPU.Build.0 = Debug|Any CPU
		{828BF7BF-2106-4C6C-AD8E-97CACF64DC01}.Release|Any CPU.ActiveCfg = Release|Any CPU
		{828BF7BF-2106-4C6C-AD8E-97CACF64DC01}.Release|Any CPU.Build.0 = Release|Any CPU
		{A3F67A86-7C71-1C28-AFC9-8446EA39A5BD}.Debug|Any CPU.ActiveCfg = Debug|Any CPU
		{A3F67A86-7C71-1C28-AFC9-8446EA39A5BD}.Debug|Any CPU.Build.0 = Debug|Any CPU
		{A3F67A86-7C71-1C28-AFC9-8446EA39A5BD}.Release|Any CPU.ActiveCfg = Release|Any CPU
		{A3F67A86-7C71-1C28-AFC9-8446EA39A5BD}.Release|Any CPU.Build.0 = Release|Any CPU
		{185C6CB6-5821-6D19-4898-8F4571BCCE20}.Debug|Any CPU.ActiveCfg = Debug|Any CPU
		{185C6CB6-5821-6D19-4898-8F4571BCCE20}.Debug|Any CPU.Build.0 = Debug|Any CPU
		{185C6CB6-5821-6D19-4898-8F4571BCCE20}.Release|Any CPU.ActiveCfg = Release|Any CPU
		{185C6CB6-5821-6D19-4898-8F4571BCCE20}.Release|Any CPU.Build.0 = Release|Any CPU
		{47440603-7AAB-1472-F039-57354F0B1A69}.Debug|Any CPU.ActiveCfg = Debug|Any CPU
		{47440603-7AAB-1472-F039-57354F0B1A69}.Debug|Any CPU.Build.0 = Debug|Any CPU
		{47440603-7AAB-1472-F039-57354F0B1A69}.Release|Any CPU.ActiveCfg = Release|Any CPU
		{47440603-7AAB-1472-F039-57354F0B1A69}.Release|Any CPU.Build.0 = Release|Any CPU
		{45D06149-E44F-D0B5-00D6-8A526EAB2393}.Debug|Any CPU.ActiveCfg = Debug|Any CPU
		{45D06149-E44F-D0B5-00D6-8A526EAB2393}.Debug|Any CPU.Build.0 = Debug|Any CPU
		{45D06149-E44F-D0B5-00D6-8A526EAB2393}.Release|Any CPU.ActiveCfg = Release|Any CPU
		{45D06149-E44F-D0B5-00D6-8A526EAB2393}.Release|Any CPU.Build.0 = Release|Any CPU
		{0AEC3B89-AAC5-4DE3-861F-4DFD9364C5AA}.Debug|Any CPU.ActiveCfg = Debug|Any CPU
		{0AEC3B89-AAC5-4DE3-861F-4DFD9364C5AA}.Debug|Any CPU.Build.0 = Debug|Any CPU
		{0AEC3B89-AAC5-4DE3-861F-4DFD9364C5AA}.Release|Any CPU.ActiveCfg = Release|Any CPU
		{0AEC3B89-AAC5-4DE3-861F-4DFD9364C5AA}.Release|Any CPU.Build.0 = Release|Any CPU
	EndGlobalSection
	GlobalSection(SolutionProperties) = preSolution
		HideSolutionNode = FALSE
	EndGlobalSection
	GlobalSection(ExtensibilityGlobals) = postSolution
		SolutionGuid = {8491DAFF-8BE0-4FA8-AA43-0CE1DD9AD2B6}
	EndGlobalSection
EndGlobal
