Microsoft Visual Studio Solution File, Format Version 12.00
# Visual Studio Version 17
VisualStudioVersion = 17.1.32210.238
MinimumVisualStudioVersion = 10.0.40219.1
Project("{9A19103F-16F7-4668-BE54-9A1E7A4F7556}") = "LabelVal", "LabelVal\LabelVal.csproj", "{75146EE2-F21D-480A-AD5D-9CBF3BCA2A03}"
EndProject
Project("{9A19103F-16F7-4668-BE54-9A1E7A4F7556}") = "V275_REST_Lib", "..\V275_REST_Lib\V275_REST_Lib.csproj", "{00EEF7D0-C97D-42DD-9D72-6C44346E3AFC}"
EndProject
Project("{9A19103F-16F7-4668-BE54-9A1E7A4F7556}") = "JSONViewer_WPF", "..\JSONViewer_WPF\JSONViewer_WPF.csproj", "{B5D1B59E-E828-46A3-BE66-4A9A51BDC562}"
EndProject
Project("{9A19103F-16F7-4668-BE54-9A1E7A4F7556}") = "LibSimpleDatabase", "..\LibDatabases\LibSimpleDatabase\LibSimpleDatabase.csproj", "{B9F4ED67-9D00-43ED-BBFA-1A0AC0F914ED}"
EndProject
Project("{9A19103F-16F7-4668-BE54-9A1E7A4F7556}") = "V5_REST_Lib", "..\V5_REST_Lib\V5_REST_Lib.csproj", "{04223523-CEAC-4C00-9290-ED6145EA5D48}"
EndProject
Project("{9A19103F-16F7-4668-BE54-9A1E7A4F7556}") = "LibStaticUtilities", "..\LibStaticUtilities\LibStaticUtilities\LibStaticUtilities.csproj", "{6BDCE2C9-F0F1-473D-BEEC-8A52AF16D9E7}"
EndProject
Project("{FAE04EC0-301F-11D3-BF4B-00C04F79EFBC}") = "gs1encoders-dotnet-lib", "..\gs1-syntax-engine\src\dotnet-lib\gs1encoders-dotnet-lib.csproj", "{EFBE8189-27F9-48C6-85A9-1221151BCB00}"
EndProject
Project("{54435603-DBB4-11D2-8724-00A0C9A8B90C}") = "Setup", "Setup\Setup.vdproj", "{E735E8FE-B417-42FD-B5AA-899CC819C222}"
EndProject
Project("{9A19103F-16F7-4668-BE54-9A1E7A4F7556}") = "LibImageUtilities", "..\LibImageUtilities\LibImageUtilities.csproj", "{6AE3A1DF-02C6-4EFF-8F44-F6D1B816443F}"
EndProject
Project("{FAE04EC0-301F-11D3-BF4B-00C04F79EFBC}") = "Lvs95xx.lib.Core", "..\Lvs95xx.lib.Core\Lvs95xx.lib.Core.csproj", "{6C314B85-FDC1-472B-AAF1-3D7C9CD55BE8}"
EndProject
Project("{FAE04EC0-301F-11D3-BF4B-00C04F79EFBC}") = "RingBuffer.lib", "..\RingBuffer.lib\RingBuffer.lib.csproj", "{311657AF-AD8B-4403-B3A5-3C4D489337B1}"
EndProject
Project("{FAE04EC0-301F-11D3-BF4B-00C04F79EFBC}") = "WinAPI.lib", "..\WinAPI.lib\WinAPI.lib.csproj", "{B66A8BAF-F6D0-4AC1-B8C5-9D79A72E76E7}"
EndProject
Project("{FAE04EC0-301F-11D3-BF4B-00C04F79EFBC}") = "Watchers.lib", "..\Watchers.lib\Watchers.lib.csproj", "{D35664AC-F77B-4820-A91F-F9911BE73542}"
EndProject
Project("{FAE04EC0-301F-11D3-BF4B-00C04F79EFBC}") = "Lvs95xx.lib.Shared", "..\Lvs95xx.lib.Shared\Lvs95xx.lib.Shared.csproj", "{D973C788-A767-4A98-AE4C-B518109B3F09}"
EndProject
Project("{FAE04EC0-301F-11D3-BF4B-00C04F79EFBC}") = "Logging.lib", "..\Logging.lib\Logging.lib.csproj", "{B9C6857B-9BD1-4646-B566-9E702B2BB55E}"
EndProject
Project("{FAE04EC0-301F-11D3-BF4B-00C04F79EFBC}") = "Wpf.lib", "..\Wpf.lib\Wpf.lib.csproj", "{828BF7BF-2106-4C6C-AD8E-97CACF64DC01}"
EndProject
Global
	GlobalSection(SolutionConfigurationPlatforms) = preSolution
		Debug|Any CPU = Debug|Any CPU
		Debug|ARM64 = Debug|ARM64
		Debug|x64 = Debug|x64
		Debug|x86 = Debug|x86
		Release|Any CPU = Release|Any CPU
		Release|ARM64 = Release|ARM64
		Release|x64 = Release|x64
		Release|x86 = Release|x86
	EndGlobalSection
	GlobalSection(ProjectConfigurationPlatforms) = postSolution
		{75146EE2-F21D-480A-AD5D-9CBF3BCA2A03}.Debug|Any CPU.ActiveCfg = Debug|Any CPU
		{75146EE2-F21D-480A-AD5D-9CBF3BCA2A03}.Debug|Any CPU.Build.0 = Debug|Any CPU
		{75146EE2-F21D-480A-AD5D-9CBF3BCA2A03}.Debug|ARM64.ActiveCfg = Debug|Any CPU
		{75146EE2-F21D-480A-AD5D-9CBF3BCA2A03}.Debug|ARM64.Build.0 = Debug|Any CPU
		{75146EE2-F21D-480A-AD5D-9CBF3BCA2A03}.Debug|x64.ActiveCfg = Debug|x64
		{75146EE2-F21D-480A-AD5D-9CBF3BCA2A03}.Debug|x64.Build.0 = Debug|x64
		{75146EE2-F21D-480A-AD5D-9CBF3BCA2A03}.Debug|x86.ActiveCfg = Debug|Any CPU
		{75146EE2-F21D-480A-AD5D-9CBF3BCA2A03}.Debug|x86.Build.0 = Debug|Any CPU
		{75146EE2-F21D-480A-AD5D-9CBF3BCA2A03}.Release|Any CPU.ActiveCfg = Release|Any CPU
		{75146EE2-F21D-480A-AD5D-9CBF3BCA2A03}.Release|Any CPU.Build.0 = Release|Any CPU
		{75146EE2-F21D-480A-AD5D-9CBF3BCA2A03}.Release|ARM64.ActiveCfg = Release|Any CPU
		{75146EE2-F21D-480A-AD5D-9CBF3BCA2A03}.Release|ARM64.Build.0 = Release|Any CPU
		{75146EE2-F21D-480A-AD5D-9CBF3BCA2A03}.Release|x64.ActiveCfg = Release|x64
		{75146EE2-F21D-480A-AD5D-9CBF3BCA2A03}.Release|x64.Build.0 = Release|x64
		{75146EE2-F21D-480A-AD5D-9CBF3BCA2A03}.Release|x86.ActiveCfg = Release|Any CPU
		{75146EE2-F21D-480A-AD5D-9CBF3BCA2A03}.Release|x86.Build.0 = Release|Any CPU
		{00EEF7D0-C97D-42DD-9D72-6C44346E3AFC}.Debug|Any CPU.ActiveCfg = Debug|Any CPU
		{00EEF7D0-C97D-42DD-9D72-6C44346E3AFC}.Debug|Any CPU.Build.0 = Debug|Any CPU
		{00EEF7D0-C97D-42DD-9D72-6C44346E3AFC}.Debug|ARM64.ActiveCfg = Debug|Any CPU
		{00EEF7D0-C97D-42DD-9D72-6C44346E3AFC}.Debug|ARM64.Build.0 = Debug|Any CPU
		{00EEF7D0-C97D-42DD-9D72-6C44346E3AFC}.Debug|x64.ActiveCfg = Debug|Any CPU
		{00EEF7D0-C97D-42DD-9D72-6C44346E3AFC}.Debug|x64.Build.0 = Debug|Any CPU
		{00EEF7D0-C97D-42DD-9D72-6C44346E3AFC}.Debug|x86.ActiveCfg = Debug|Any CPU
		{00EEF7D0-C97D-42DD-9D72-6C44346E3AFC}.Debug|x86.Build.0 = Debug|Any CPU
		{00EEF7D0-C97D-42DD-9D72-6C44346E3AFC}.Release|Any CPU.ActiveCfg = Release|Any CPU
		{00EEF7D0-C97D-42DD-9D72-6C44346E3AFC}.Release|Any CPU.Build.0 = Release|Any CPU
		{00EEF7D0-C97D-42DD-9D72-6C44346E3AFC}.Release|ARM64.ActiveCfg = Release|Any CPU
		{00EEF7D0-C97D-42DD-9D72-6C44346E3AFC}.Release|ARM64.Build.0 = Release|Any CPU
		{00EEF7D0-C97D-42DD-9D72-6C44346E3AFC}.Release|x64.ActiveCfg = Release|Any CPU
		{00EEF7D0-C97D-42DD-9D72-6C44346E3AFC}.Release|x64.Build.0 = Release|Any CPU
		{00EEF7D0-C97D-42DD-9D72-6C44346E3AFC}.Release|x86.ActiveCfg = Release|Any CPU
		{00EEF7D0-C97D-42DD-9D72-6C44346E3AFC}.Release|x86.Build.0 = Release|Any CPU
		{B5D1B59E-E828-46A3-BE66-4A9A51BDC562}.Debug|Any CPU.ActiveCfg = Debug|Any CPU
		{B5D1B59E-E828-46A3-BE66-4A9A51BDC562}.Debug|Any CPU.Build.0 = Debug|Any CPU
		{B5D1B59E-E828-46A3-BE66-4A9A51BDC562}.Debug|ARM64.ActiveCfg = Debug|Any CPU
		{B5D1B59E-E828-46A3-BE66-4A9A51BDC562}.Debug|ARM64.Build.0 = Debug|Any CPU
		{B5D1B59E-E828-46A3-BE66-4A9A51BDC562}.Debug|x64.ActiveCfg = Debug|Any CPU
		{B5D1B59E-E828-46A3-BE66-4A9A51BDC562}.Debug|x64.Build.0 = Debug|Any CPU
		{B5D1B59E-E828-46A3-BE66-4A9A51BDC562}.Debug|x86.ActiveCfg = Debug|Any CPU
		{B5D1B59E-E828-46A3-BE66-4A9A51BDC562}.Debug|x86.Build.0 = Debug|Any CPU
		{B5D1B59E-E828-46A3-BE66-4A9A51BDC562}.Release|Any CPU.ActiveCfg = Release|Any CPU
		{B5D1B59E-E828-46A3-BE66-4A9A51BDC562}.Release|Any CPU.Build.0 = Release|Any CPU
		{B5D1B59E-E828-46A3-BE66-4A9A51BDC562}.Release|ARM64.ActiveCfg = Release|Any CPU
		{B5D1B59E-E828-46A3-BE66-4A9A51BDC562}.Release|ARM64.Build.0 = Release|Any CPU
		{B5D1B59E-E828-46A3-BE66-4A9A51BDC562}.Release|x64.ActiveCfg = Release|Any CPU
		{B5D1B59E-E828-46A3-BE66-4A9A51BDC562}.Release|x64.Build.0 = Release|Any CPU
		{B5D1B59E-E828-46A3-BE66-4A9A51BDC562}.Release|x86.ActiveCfg = Release|Any CPU
		{B5D1B59E-E828-46A3-BE66-4A9A51BDC562}.Release|x86.Build.0 = Release|Any CPU
		{B9F4ED67-9D00-43ED-BBFA-1A0AC0F914ED}.Debug|Any CPU.ActiveCfg = Debug|Any CPU
		{B9F4ED67-9D00-43ED-BBFA-1A0AC0F914ED}.Debug|Any CPU.Build.0 = Debug|Any CPU
		{B9F4ED67-9D00-43ED-BBFA-1A0AC0F914ED}.Debug|ARM64.ActiveCfg = Debug|Any CPU
		{B9F4ED67-9D00-43ED-BBFA-1A0AC0F914ED}.Debug|ARM64.Build.0 = Debug|Any CPU
		{B9F4ED67-9D00-43ED-BBFA-1A0AC0F914ED}.Debug|x64.ActiveCfg = Debug|Any CPU
		{B9F4ED67-9D00-43ED-BBFA-1A0AC0F914ED}.Debug|x64.Build.0 = Debug|Any CPU
		{B9F4ED67-9D00-43ED-BBFA-1A0AC0F914ED}.Debug|x86.ActiveCfg = Debug|Any CPU
		{B9F4ED67-9D00-43ED-BBFA-1A0AC0F914ED}.Debug|x86.Build.0 = Debug|Any CPU
		{B9F4ED67-9D00-43ED-BBFA-1A0AC0F914ED}.Release|Any CPU.ActiveCfg = Release|Any CPU
		{B9F4ED67-9D00-43ED-BBFA-1A0AC0F914ED}.Release|Any CPU.Build.0 = Release|Any CPU
		{B9F4ED67-9D00-43ED-BBFA-1A0AC0F914ED}.Release|ARM64.ActiveCfg = Release|Any CPU
		{B9F4ED67-9D00-43ED-BBFA-1A0AC0F914ED}.Release|ARM64.Build.0 = Release|Any CPU
		{B9F4ED67-9D00-43ED-BBFA-1A0AC0F914ED}.Release|x64.ActiveCfg = Release|Any CPU
		{B9F4ED67-9D00-43ED-BBFA-1A0AC0F914ED}.Release|x64.Build.0 = Release|Any CPU
		{B9F4ED67-9D00-43ED-BBFA-1A0AC0F914ED}.Release|x86.ActiveCfg = Release|Any CPU
		{B9F4ED67-9D00-43ED-BBFA-1A0AC0F914ED}.Release|x86.Build.0 = Release|Any CPU
		{04223523-CEAC-4C00-9290-ED6145EA5D48}.Debug|Any CPU.ActiveCfg = Debug|Any CPU
		{04223523-CEAC-4C00-9290-ED6145EA5D48}.Debug|Any CPU.Build.0 = Debug|Any CPU
		{04223523-CEAC-4C00-9290-ED6145EA5D48}.Debug|ARM64.ActiveCfg = Debug|Any CPU
		{04223523-CEAC-4C00-9290-ED6145EA5D48}.Debug|ARM64.Build.0 = Debug|Any CPU
		{04223523-CEAC-4C00-9290-ED6145EA5D48}.Debug|x64.ActiveCfg = Debug|Any CPU
		{04223523-CEAC-4C00-9290-ED6145EA5D48}.Debug|x64.Build.0 = Debug|Any CPU
		{04223523-CEAC-4C00-9290-ED6145EA5D48}.Debug|x86.ActiveCfg = Debug|Any CPU
		{04223523-CEAC-4C00-9290-ED6145EA5D48}.Debug|x86.Build.0 = Debug|Any CPU
		{04223523-CEAC-4C00-9290-ED6145EA5D48}.Release|Any CPU.ActiveCfg = Release|Any CPU
		{04223523-CEAC-4C00-9290-ED6145EA5D48}.Release|Any CPU.Build.0 = Release|Any CPU
		{04223523-CEAC-4C00-9290-ED6145EA5D48}.Release|ARM64.ActiveCfg = Release|Any CPU
		{04223523-CEAC-4C00-9290-ED6145EA5D48}.Release|ARM64.Build.0 = Release|Any CPU
		{04223523-CEAC-4C00-9290-ED6145EA5D48}.Release|x64.ActiveCfg = Release|Any CPU
		{04223523-CEAC-4C00-9290-ED6145EA5D48}.Release|x64.Build.0 = Release|Any CPU
		{04223523-CEAC-4C00-9290-ED6145EA5D48}.Release|x86.ActiveCfg = Release|Any CPU
		{04223523-CEAC-4C00-9290-ED6145EA5D48}.Release|x86.Build.0 = Release|Any CPU
		{6BDCE2C9-F0F1-473D-BEEC-8A52AF16D9E7}.Debug|Any CPU.ActiveCfg = Debug|Any CPU
		{6BDCE2C9-F0F1-473D-BEEC-8A52AF16D9E7}.Debug|Any CPU.Build.0 = Debug|Any CPU
		{6BDCE2C9-F0F1-473D-BEEC-8A52AF16D9E7}.Debug|ARM64.ActiveCfg = Debug|Any CPU
		{6BDCE2C9-F0F1-473D-BEEC-8A52AF16D9E7}.Debug|ARM64.Build.0 = Debug|Any CPU
		{6BDCE2C9-F0F1-473D-BEEC-8A52AF16D9E7}.Debug|x64.ActiveCfg = Debug|Any CPU
		{6BDCE2C9-F0F1-473D-BEEC-8A52AF16D9E7}.Debug|x64.Build.0 = Debug|Any CPU
		{6BDCE2C9-F0F1-473D-BEEC-8A52AF16D9E7}.Debug|x86.ActiveCfg = Debug|Any CPU
		{6BDCE2C9-F0F1-473D-BEEC-8A52AF16D9E7}.Debug|x86.Build.0 = Debug|Any CPU
		{6BDCE2C9-F0F1-473D-BEEC-8A52AF16D9E7}.Release|Any CPU.ActiveCfg = Release|Any CPU
		{6BDCE2C9-F0F1-473D-BEEC-8A52AF16D9E7}.Release|Any CPU.Build.0 = Release|Any CPU
		{6BDCE2C9-F0F1-473D-BEEC-8A52AF16D9E7}.Release|ARM64.ActiveCfg = Release|Any CPU
		{6BDCE2C9-F0F1-473D-BEEC-8A52AF16D9E7}.Release|ARM64.Build.0 = Release|Any CPU
		{6BDCE2C9-F0F1-473D-BEEC-8A52AF16D9E7}.Release|x64.ActiveCfg = Release|Any CPU
		{6BDCE2C9-F0F1-473D-BEEC-8A52AF16D9E7}.Release|x64.Build.0 = Release|Any CPU
		{6BDCE2C9-F0F1-473D-BEEC-8A52AF16D9E7}.Release|x86.ActiveCfg = Release|Any CPU
		{6BDCE2C9-F0F1-473D-BEEC-8A52AF16D9E7}.Release|x86.Build.0 = Release|Any CPU
		{EFBE8189-27F9-48C6-85A9-1221151BCB00}.Debug|Any CPU.ActiveCfg = Debug|Any CPU
		{EFBE8189-27F9-48C6-85A9-1221151BCB00}.Debug|Any CPU.Build.0 = Debug|Any CPU
		{EFBE8189-27F9-48C6-85A9-1221151BCB00}.Debug|ARM64.ActiveCfg = Debug|Any CPU
		{EFBE8189-27F9-48C6-85A9-1221151BCB00}.Debug|ARM64.Build.0 = Debug|Any CPU
		{EFBE8189-27F9-48C6-85A9-1221151BCB00}.Debug|x64.ActiveCfg = Debug|Any CPU
		{EFBE8189-27F9-48C6-85A9-1221151BCB00}.Debug|x64.Build.0 = Debug|Any CPU
		{EFBE8189-27F9-48C6-85A9-1221151BCB00}.Debug|x86.ActiveCfg = Debug|Any CPU
		{EFBE8189-27F9-48C6-85A9-1221151BCB00}.Debug|x86.Build.0 = Debug|Any CPU
		{EFBE8189-27F9-48C6-85A9-1221151BCB00}.Release|Any CPU.ActiveCfg = Release|Any CPU
		{EFBE8189-27F9-48C6-85A9-1221151BCB00}.Release|Any CPU.Build.0 = Release|Any CPU
		{EFBE8189-27F9-48C6-85A9-1221151BCB00}.Release|ARM64.ActiveCfg = Release|Any CPU
		{EFBE8189-27F9-48C6-85A9-1221151BCB00}.Release|ARM64.Build.0 = Release|Any CPU
		{EFBE8189-27F9-48C6-85A9-1221151BCB00}.Release|x64.ActiveCfg = Release|Any CPU
		{EFBE8189-27F9-48C6-85A9-1221151BCB00}.Release|x64.Build.0 = Release|Any CPU
		{EFBE8189-27F9-48C6-85A9-1221151BCB00}.Release|x86.ActiveCfg = Release|Any CPU
		{EFBE8189-27F9-48C6-85A9-1221151BCB00}.Release|x86.Build.0 = Release|Any CPU
		{E735E8FE-B417-42FD-B5AA-899CC819C222}.Debug|Any CPU.ActiveCfg = Debug
		{E735E8FE-B417-42FD-B5AA-899CC819C222}.Debug|ARM64.ActiveCfg = Debug
		{E735E8FE-B417-42FD-B5AA-899CC819C222}.Debug|x64.ActiveCfg = Debug
		{E735E8FE-B417-42FD-B5AA-899CC819C222}.Debug|x86.ActiveCfg = Debug
		{E735E8FE-B417-42FD-B5AA-899CC819C222}.Release|Any CPU.ActiveCfg = Release
		{E735E8FE-B417-42FD-B5AA-899CC819C222}.Release|ARM64.ActiveCfg = Release
		{E735E8FE-B417-42FD-B5AA-899CC819C222}.Release|x64.ActiveCfg = Release
		{E735E8FE-B417-42FD-B5AA-899CC819C222}.Release|x86.ActiveCfg = Release
		{6AE3A1DF-02C6-4EFF-8F44-F6D1B816443F}.Debug|Any CPU.ActiveCfg = Debug|Any CPU
		{6AE3A1DF-02C6-4EFF-8F44-F6D1B816443F}.Debug|Any CPU.Build.0 = Debug|Any CPU
		{6AE3A1DF-02C6-4EFF-8F44-F6D1B816443F}.Debug|ARM64.ActiveCfg = Debug|Any CPU
		{6AE3A1DF-02C6-4EFF-8F44-F6D1B816443F}.Debug|ARM64.Build.0 = Debug|Any CPU
		{6AE3A1DF-02C6-4EFF-8F44-F6D1B816443F}.Debug|x64.ActiveCfg = Debug|Any CPU
		{6AE3A1DF-02C6-4EFF-8F44-F6D1B816443F}.Debug|x64.Build.0 = Debug|Any CPU
		{6AE3A1DF-02C6-4EFF-8F44-F6D1B816443F}.Debug|x86.ActiveCfg = Debug|Any CPU
		{6AE3A1DF-02C6-4EFF-8F44-F6D1B816443F}.Debug|x86.Build.0 = Debug|Any CPU
		{6AE3A1DF-02C6-4EFF-8F44-F6D1B816443F}.Release|Any CPU.ActiveCfg = Release|Any CPU
		{6AE3A1DF-02C6-4EFF-8F44-F6D1B816443F}.Release|Any CPU.Build.0 = Release|Any CPU
		{6AE3A1DF-02C6-4EFF-8F44-F6D1B816443F}.Release|ARM64.ActiveCfg = Release|Any CPU
		{6AE3A1DF-02C6-4EFF-8F44-F6D1B816443F}.Release|ARM64.Build.0 = Release|Any CPU
		{6AE3A1DF-02C6-4EFF-8F44-F6D1B816443F}.Release|x64.ActiveCfg = Release|Any CPU
		{6AE3A1DF-02C6-4EFF-8F44-F6D1B816443F}.Release|x64.Build.0 = Release|Any CPU
		{6AE3A1DF-02C6-4EFF-8F44-F6D1B816443F}.Release|x86.ActiveCfg = Release|Any CPU
		{6AE3A1DF-02C6-4EFF-8F44-F6D1B816443F}.Release|x86.Build.0 = Release|Any CPU
		{6C314B85-FDC1-472B-AAF1-3D7C9CD55BE8}.Debug|Any CPU.ActiveCfg = Debug|Any CPU
		{6C314B85-FDC1-472B-AAF1-3D7C9CD55BE8}.Debug|Any CPU.Build.0 = Debug|Any CPU
		{6C314B85-FDC1-472B-AAF1-3D7C9CD55BE8}.Debug|ARM64.ActiveCfg = Debug|Any CPU
		{6C314B85-FDC1-472B-AAF1-3D7C9CD55BE8}.Debug|ARM64.Build.0 = Debug|Any CPU
		{6C314B85-FDC1-472B-AAF1-3D7C9CD55BE8}.Debug|x64.ActiveCfg = Debug|Any CPU
		{6C314B85-FDC1-472B-AAF1-3D7C9CD55BE8}.Debug|x64.Build.0 = Debug|Any CPU
		{6C314B85-FDC1-472B-AAF1-3D7C9CD55BE8}.Debug|x86.ActiveCfg = Debug|x86
		{6C314B85-FDC1-472B-AAF1-3D7C9CD55BE8}.Debug|x86.Build.0 = Debug|x86
		{6C314B85-FDC1-472B-AAF1-3D7C9CD55BE8}.Release|Any CPU.ActiveCfg = Release|Any CPU
		{6C314B85-FDC1-472B-AAF1-3D7C9CD55BE8}.Release|Any CPU.Build.0 = Release|Any CPU
		{6C314B85-FDC1-472B-AAF1-3D7C9CD55BE8}.Release|ARM64.ActiveCfg = Release|Any CPU
		{6C314B85-FDC1-472B-AAF1-3D7C9CD55BE8}.Release|ARM64.Build.0 = Release|Any CPU
		{6C314B85-FDC1-472B-AAF1-3D7C9CD55BE8}.Release|x64.ActiveCfg = Release|Any CPU
		{6C314B85-FDC1-472B-AAF1-3D7C9CD55BE8}.Release|x64.Build.0 = Release|Any CPU
		{6C314B85-FDC1-472B-AAF1-3D7C9CD55BE8}.Release|x86.ActiveCfg = Release|x86
		{6C314B85-FDC1-472B-AAF1-3D7C9CD55BE8}.Release|x86.Build.0 = Release|x86
		{311657AF-AD8B-4403-B3A5-3C4D489337B1}.Debug|Any CPU.ActiveCfg = Debug|Any CPU
		{311657AF-AD8B-4403-B3A5-3C4D489337B1}.Debug|Any CPU.Build.0 = Debug|Any CPU
		{311657AF-AD8B-4403-B3A5-3C4D489337B1}.Debug|ARM64.ActiveCfg = Debug|Any CPU
		{311657AF-AD8B-4403-B3A5-3C4D489337B1}.Debug|ARM64.Build.0 = Debug|Any CPU
		{311657AF-AD8B-4403-B3A5-3C4D489337B1}.Debug|x64.ActiveCfg = Debug|Any CPU
		{311657AF-AD8B-4403-B3A5-3C4D489337B1}.Debug|x64.Build.0 = Debug|Any CPU
		{311657AF-AD8B-4403-B3A5-3C4D489337B1}.Debug|x86.ActiveCfg = Debug|Any CPU
		{311657AF-AD8B-4403-B3A5-3C4D489337B1}.Debug|x86.Build.0 = Debug|Any CPU
		{311657AF-AD8B-4403-B3A5-3C4D489337B1}.Release|Any CPU.ActiveCfg = Release|Any CPU
		{311657AF-AD8B-4403-B3A5-3C4D489337B1}.Release|Any CPU.Build.0 = Release|Any CPU
		{311657AF-AD8B-4403-B3A5-3C4D489337B1}.Release|ARM64.ActiveCfg = Release|Any CPU
		{311657AF-AD8B-4403-B3A5-3C4D489337B1}.Release|ARM64.Build.0 = Release|Any CPU
		{311657AF-AD8B-4403-B3A5-3C4D489337B1}.Release|x64.ActiveCfg = Release|Any CPU
		{311657AF-AD8B-4403-B3A5-3C4D489337B1}.Release|x64.Build.0 = Release|Any CPU
		{311657AF-AD8B-4403-B3A5-3C4D489337B1}.Release|x86.ActiveCfg = Release|Any CPU
		{311657AF-AD8B-4403-B3A5-3C4D489337B1}.Release|x86.Build.0 = Release|Any CPU
		{B66A8BAF-F6D0-4AC1-B8C5-9D79A72E76E7}.Debug|Any CPU.ActiveCfg = Debug|Any CPU
		{B66A8BAF-F6D0-4AC1-B8C5-9D79A72E76E7}.Debug|Any CPU.Build.0 = Debug|Any CPU
		{B66A8BAF-F6D0-4AC1-B8C5-9D79A72E76E7}.Debug|ARM64.ActiveCfg = Debug|Any CPU
		{B66A8BAF-F6D0-4AC1-B8C5-9D79A72E76E7}.Debug|ARM64.Build.0 = Debug|Any CPU
		{B66A8BAF-F6D0-4AC1-B8C5-9D79A72E76E7}.Debug|x64.ActiveCfg = Debug|Any CPU
		{B66A8BAF-F6D0-4AC1-B8C5-9D79A72E76E7}.Debug|x64.Build.0 = Debug|Any CPU
		{B66A8BAF-F6D0-4AC1-B8C5-9D79A72E76E7}.Debug|x86.ActiveCfg = Debug|Any CPU
		{B66A8BAF-F6D0-4AC1-B8C5-9D79A72E76E7}.Debug|x86.Build.0 = Debug|Any CPU
		{B66A8BAF-F6D0-4AC1-B8C5-9D79A72E76E7}.Release|Any CPU.ActiveCfg = Release|Any CPU
		{B66A8BAF-F6D0-4AC1-B8C5-9D79A72E76E7}.Release|Any CPU.Build.0 = Release|Any CPU
		{B66A8BAF-F6D0-4AC1-B8C5-9D79A72E76E7}.Release|ARM64.ActiveCfg = Release|Any CPU
		{B66A8BAF-F6D0-4AC1-B8C5-9D79A72E76E7}.Release|ARM64.Build.0 = Release|Any CPU
		{B66A8BAF-F6D0-4AC1-B8C5-9D79A72E76E7}.Release|x64.ActiveCfg = Release|Any CPU
		{B66A8BAF-F6D0-4AC1-B8C5-9D79A72E76E7}.Release|x64.Build.0 = Release|Any CPU
		{B66A8BAF-F6D0-4AC1-B8C5-9D79A72E76E7}.Release|x86.ActiveCfg = Release|Any CPU
		{B66A8BAF-F6D0-4AC1-B8C5-9D79A72E76E7}.Release|x86.Build.0 = Release|Any CPU
		{D35664AC-F77B-4820-A91F-F9911BE73542}.Debug|Any CPU.ActiveCfg = Debug|Any CPU
		{D35664AC-F77B-4820-A91F-F9911BE73542}.Debug|Any CPU.Build.0 = Debug|Any CPU
		{D35664AC-F77B-4820-A91F-F9911BE73542}.Debug|ARM64.ActiveCfg = Debug|Any CPU
		{D35664AC-F77B-4820-A91F-F9911BE73542}.Debug|ARM64.Build.0 = Debug|Any CPU
		{D35664AC-F77B-4820-A91F-F9911BE73542}.Debug|x64.ActiveCfg = Debug|Any CPU
		{D35664AC-F77B-4820-A91F-F9911BE73542}.Debug|x64.Build.0 = Debug|Any CPU
		{D35664AC-F77B-4820-A91F-F9911BE73542}.Debug|x86.ActiveCfg = Debug|Any CPU
		{D35664AC-F77B-4820-A91F-F9911BE73542}.Debug|x86.Build.0 = Debug|Any CPU
		{D35664AC-F77B-4820-A91F-F9911BE73542}.Release|Any CPU.ActiveCfg = Release|Any CPU
		{D35664AC-F77B-4820-A91F-F9911BE73542}.Release|Any CPU.Build.0 = Release|Any CPU
		{D35664AC-F77B-4820-A91F-F9911BE73542}.Release|ARM64.ActiveCfg = Release|Any CPU
		{D35664AC-F77B-4820-A91F-F9911BE73542}.Release|ARM64.Build.0 = Release|Any CPU
		{D35664AC-F77B-4820-A91F-F9911BE73542}.Release|x64.ActiveCfg = Release|Any CPU
		{D35664AC-F77B-4820-A91F-F9911BE73542}.Release|x64.Build.0 = Release|Any CPU
		{D35664AC-F77B-4820-A91F-F9911BE73542}.Release|x86.ActiveCfg = Release|Any CPU
		{D35664AC-F77B-4820-A91F-F9911BE73542}.Release|x86.Build.0 = Release|Any CPU
		{D973C788-A767-4A98-AE4C-B518109B3F09}.Debug|Any CPU.ActiveCfg = Debug|Any CPU
		{D973C788-A767-4A98-AE4C-B518109B3F09}.Debug|Any CPU.Build.0 = Debug|Any CPU
		{D973C788-A767-4A98-AE4C-B518109B3F09}.Debug|ARM64.ActiveCfg = Debug|Any CPU
		{D973C788-A767-4A98-AE4C-B518109B3F09}.Debug|ARM64.Build.0 = Debug|Any CPU
		{D973C788-A767-4A98-AE4C-B518109B3F09}.Debug|x64.ActiveCfg = Debug|Any CPU
		{D973C788-A767-4A98-AE4C-B518109B3F09}.Debug|x64.Build.0 = Debug|Any CPU
		{D973C788-A767-4A98-AE4C-B518109B3F09}.Debug|x86.ActiveCfg = Debug|Any CPU
		{D973C788-A767-4A98-AE4C-B518109B3F09}.Debug|x86.Build.0 = Debug|Any CPU
		{D973C788-A767-4A98-AE4C-B518109B3F09}.Release|Any CPU.ActiveCfg = Release|Any CPU
		{D973C788-A767-4A98-AE4C-B518109B3F09}.Release|Any CPU.Build.0 = Release|Any CPU
		{D973C788-A767-4A98-AE4C-B518109B3F09}.Release|ARM64.ActiveCfg = Release|Any CPU
		{D973C788-A767-4A98-AE4C-B518109B3F09}.Release|ARM64.Build.0 = Release|Any CPU
		{D973C788-A767-4A98-AE4C-B518109B3F09}.Release|x64.ActiveCfg = Release|Any CPU
		{D973C788-A767-4A98-AE4C-B518109B3F09}.Release|x64.Build.0 = Release|Any CPU
		{D973C788-A767-4A98-AE4C-B518109B3F09}.Release|x86.ActiveCfg = Release|Any CPU
		{D973C788-A767-4A98-AE4C-B518109B3F09}.Release|x86.Build.0 = Release|Any CPU
		{B9C6857B-9BD1-4646-B566-9E702B2BB55E}.Debug|Any CPU.ActiveCfg = Debug|Any CPU
		{B9C6857B-9BD1-4646-B566-9E702B2BB55E}.Debug|Any CPU.Build.0 = Debug|Any CPU
		{B9C6857B-9BD1-4646-B566-9E702B2BB55E}.Debug|ARM64.ActiveCfg = Debug|Any CPU
		{B9C6857B-9BD1-4646-B566-9E702B2BB55E}.Debug|ARM64.Build.0 = Debug|Any CPU
		{B9C6857B-9BD1-4646-B566-9E702B2BB55E}.Debug|x64.ActiveCfg = Debug|Any CPU
		{B9C6857B-9BD1-4646-B566-9E702B2BB55E}.Debug|x64.Build.0 = Debug|Any CPU
		{B9C6857B-9BD1-4646-B566-9E702B2BB55E}.Debug|x86.ActiveCfg = Debug|Any CPU
		{B9C6857B-9BD1-4646-B566-9E702B2BB55E}.Debug|x86.Build.0 = Debug|Any CPU
		{B9C6857B-9BD1-4646-B566-9E702B2BB55E}.Release|Any CPU.ActiveCfg = Release|Any CPU
		{B9C6857B-9BD1-4646-B566-9E702B2BB55E}.Release|Any CPU.Build.0 = Release|Any CPU
		{B9C6857B-9BD1-4646-B566-9E702B2BB55E}.Release|ARM64.ActiveCfg = Release|Any CPU
		{B9C6857B-9BD1-4646-B566-9E702B2BB55E}.Release|ARM64.Build.0 = Release|Any CPU
		{B9C6857B-9BD1-4646-B566-9E702B2BB55E}.Release|x64.ActiveCfg = Release|Any CPU
		{B9C6857B-9BD1-4646-B566-9E702B2BB55E}.Release|x64.Build.0 = Release|Any CPU
		{B9C6857B-9BD1-4646-B566-9E702B2BB55E}.Release|x86.ActiveCfg = Release|Any CPU
		{B9C6857B-9BD1-4646-B566-9E702B2BB55E}.Release|x86.Build.0 = Release|Any CPU
		{828BF7BF-2106-4C6C-AD8E-97CACF64DC01}.Debug|Any CPU.ActiveCfg = Debug|Any CPU
		{828BF7BF-2106-4C6C-AD8E-97CACF64DC01}.Debug|Any CPU.Build.0 = Debug|Any CPU
		{828BF7BF-2106-4C6C-AD8E-97CACF64DC01}.Debug|ARM64.ActiveCfg = Debug|Any CPU
		{828BF7BF-2106-4C6C-AD8E-97CACF64DC01}.Debug|ARM64.Build.0 = Debug|Any CPU
		{828BF7BF-2106-4C6C-AD8E-97CACF64DC01}.Debug|x64.ActiveCfg = Debug|Any CPU
		{828BF7BF-2106-4C6C-AD8E-97CACF64DC01}.Debug|x64.Build.0 = Debug|Any CPU
		{828BF7BF-2106-4C6C-AD8E-97CACF64DC01}.Debug|x86.ActiveCfg = Debug|Any CPU
		{828BF7BF-2106-4C6C-AD8E-97CACF64DC01}.Debug|x86.Build.0 = Debug|Any CPU
		{828BF7BF-2106-4C6C-AD8E-97CACF64DC01}.Release|Any CPU.ActiveCfg = Release|Any CPU
		{828BF7BF-2106-4C6C-AD8E-97CACF64DC01}.Release|Any CPU.Build.0 = Release|Any CPU
		{828BF7BF-2106-4C6C-AD8E-97CACF64DC01}.Release|ARM64.ActiveCfg = Release|Any CPU
		{828BF7BF-2106-4C6C-AD8E-97CACF64DC01}.Release|ARM64.Build.0 = Release|Any CPU
		{828BF7BF-2106-4C6C-AD8E-97CACF64DC01}.Release|x64.ActiveCfg = Release|Any CPU
		{828BF7BF-2106-4C6C-AD8E-97CACF64DC01}.Release|x64.Build.0 = Release|Any CPU
		{828BF7BF-2106-4C6C-AD8E-97CACF64DC01}.Release|x86.ActiveCfg = Release|Any CPU
		{828BF7BF-2106-4C6C-AD8E-97CACF64DC01}.Release|x86.Build.0 = Release|Any CPU
	EndGlobalSection
	GlobalSection(SolutionProperties) = preSolution
		HideSolutionNode = FALSE
	EndGlobalSection
	GlobalSection(ExtensibilityGlobals) = postSolution
		SolutionGuid = {8491DAFF-8BE0-4FA8-AA43-0CE1DD9AD2B6}
	EndGlobalSection
EndGlobal
