Microsoft Visual Studio Solution File, Format Version 12.00
# Visual Studio Version 17
VisualStudioVersion = 17.1.32210.238
MinimumVisualStudioVersion = 10.0.40219.1
Project("{9A19103F-16F7-4668-BE54-9A1E7A4F7556}") = "LabelVal", "LabelVal\LabelVal.csproj", "{75146EE2-F21D-480A-AD5D-9CBF3BCA2A03}"
EndProject
Project("{9A19103F-16F7-4668-BE54-9A1E7A4F7556}") = "V275_REST_Lib", "..\V275_REST_Lib\V275_REST_Lib.csproj", "{00EEF7D0-C97D-42DD-9D72-6C44346E3AFC}"
EndProject
Project("{9A19103F-16F7-4668-BE54-9A1E7A4F7556}") = "JSONViewer_WPF", "..\JSONViewer_WPF\JSONViewer_WPF.csproj", "{B5D1B59E-E828-46A3-BE66-4A9A51BDC562}"
EndProject
Project("{9A19103F-16F7-4668-BE54-9A1E7A4F7556}") = "LibSimpleDatabase", "..\LibDatabases\LibSimpleDatabase\LibSimpleDatabase.csproj", "{B9F4ED67-9D00-43ED-BBFA-1A0AC0F914ED}"
EndProject
Project("{9A19103F-16F7-4668-BE54-9A1E7A4F7556}") = "V5_REST_Lib", "..\V5_REST_Lib\V5_REST_Lib.csproj", "{04223523-CEAC-4C00-9290-ED6145EA5D48}"
EndProject
Global
	GlobalSection(SolutionConfigurationPlatforms) = preSolution
		Debug|Any CPU = Debug|Any CPU
		Debug|x64 = Debug|x64
		Release|Any CPU = Release|Any CPU
		Release|x64 = Release|x64
	EndGlobalSection
	GlobalSection(ProjectConfigurationPlatforms) = postSolution
		{75146EE2-F21D-480A-AD5D-9CBF3BCA2A03}.Debug|Any CPU.ActiveCfg = Debug|Any CPU
		{75146EE2-F21D-480A-AD5D-9CBF3BCA2A03}.Debug|Any CPU.Build.0 = Debug|Any CPU
		{75146EE2-F21D-480A-AD5D-9CBF3BCA2A03}.Debug|x64.ActiveCfg = Debug|x64
		{75146EE2-F21D-480A-AD5D-9CBF3BCA2A03}.Debug|x64.Build.0 = Debug|x64
		{75146EE2-F21D-480A-AD5D-9CBF3BCA2A03}.Release|Any CPU.ActiveCfg = Release|Any CPU
		{75146EE2-F21D-480A-AD5D-9CBF3BCA2A03}.Release|Any CPU.Build.0 = Release|Any CPU
		{75146EE2-F21D-480A-AD5D-9CBF3BCA2A03}.Release|x64.ActiveCfg = Release|x64
		{75146EE2-F21D-480A-AD5D-9CBF3BCA2A03}.Release|x64.Build.0 = Release|x64
		{00EEF7D0-C97D-42DD-9D72-6C44346E3AFC}.Debug|Any CPU.ActiveCfg = Debug|Any CPU
		{00EEF7D0-C97D-42DD-9D72-6C44346E3AFC}.Debug|Any CPU.Build.0 = Debug|Any CPU
		{00EEF7D0-C97D-42DD-9D72-6C44346E3AFC}.Debug|x64.ActiveCfg = Debug|Any CPU
		{00EEF7D0-C97D-42DD-9D72-6C44346E3AFC}.Debug|x64.Build.0 = Debug|Any CPU
		{00EEF7D0-C97D-42DD-9D72-6C44346E3AFC}.Release|Any CPU.ActiveCfg = Release|Any CPU
		{00EEF7D0-C97D-42DD-9D72-6C44346E3AFC}.Release|Any CPU.Build.0 = Release|Any CPU
		{00EEF7D0-C97D-42DD-9D72-6C44346E3AFC}.Release|x64.ActiveCfg = Release|Any CPU
		{00EEF7D0-C97D-42DD-9D72-6C44346E3AFC}.Release|x64.Build.0 = Release|Any CPU
		{B5D1B59E-E828-46A3-BE66-4A9A51BDC562}.Debug|Any CPU.ActiveCfg = Debug|Any CPU
		{B5D1B59E-E828-46A3-BE66-4A9A51BDC562}.Debug|Any CPU.Build.0 = Debug|Any CPU
		{B5D1B59E-E828-46A3-BE66-4A9A51BDC562}.Debug|x64.ActiveCfg = Debug|Any CPU
		{B5D1B59E-E828-46A3-BE66-4A9A51BDC562}.Debug|x64.Build.0 = Debug|Any CPU
		{B5D1B59E-E828-46A3-BE66-4A9A51BDC562}.Release|Any CPU.ActiveCfg = Release|Any CPU
		{B5D1B59E-E828-46A3-BE66-4A9A51BDC562}.Release|Any CPU.Build.0 = Release|Any CPU
		{B5D1B59E-E828-46A3-BE66-4A9A51BDC562}.Release|x64.ActiveCfg = Release|Any CPU
		{B5D1B59E-E828-46A3-BE66-4A9A51BDC562}.Release|x64.Build.0 = Release|Any CPU
		{B9F4ED67-9D00-43ED-BBFA-1A0AC0F914ED}.Debug|Any CPU.ActiveCfg = Debug|Any CPU
		{B9F4ED67-9D00-43ED-BBFA-1A0AC0F914ED}.Debug|Any CPU.Build.0 = Debug|Any CPU
		{B9F4ED67-9D00-43ED-BBFA-1A0AC0F914ED}.Debug|x64.ActiveCfg = Debug|Any CPU
		{B9F4ED67-9D00-43ED-BBFA-1A0AC0F914ED}.Debug|x64.Build.0 = Debug|Any CPU
		{B9F4ED67-9D00-43ED-BBFA-1A0AC0F914ED}.Release|Any CPU.ActiveCfg = Release|Any CPU
		{B9F4ED67-9D00-43ED-BBFA-1A0AC0F914ED}.Release|Any CPU.Build.0 = Release|Any CPU
		{B9F4ED67-9D00-43ED-BBFA-1A0AC0F914ED}.Release|x64.ActiveCfg = Release|Any CPU
		{B9F4ED67-9D00-43ED-BBFA-1A0AC0F914ED}.Release|x64.Build.0 = Release|Any CPU
		{04223523-CEAC-4C00-9290-ED6145EA5D48}.Debug|Any CPU.ActiveCfg = Debug|Any CPU
		{04223523-CEAC-4C00-9290-ED6145EA5D48}.Debug|Any CPU.Build.0 = Debug|Any CPU
		{04223523-CEAC-4C00-9290-ED6145EA5D48}.Debug|x64.ActiveCfg = Debug|Any CPU
		{04223523-CEAC-4C00-9290-ED6145EA5D48}.Debug|x64.Build.0 = Debug|Any CPU
		{04223523-CEAC-4C00-9290-ED6145EA5D48}.Release|Any CPU.ActiveCfg = Release|Any CPU
		{04223523-CEAC-4C00-9290-ED6145EA5D48}.Release|Any CPU.Build.0 = Release|Any CPU
		{04223523-CEAC-4C00-9290-ED6145EA5D48}.Release|x64.ActiveCfg = Release|Any CPU
		{04223523-CEAC-4C00-9290-ED6145EA5D48}.Release|x64.Build.0 = Release|Any CPU
	EndGlobalSection
	GlobalSection(SolutionProperties) = preSolution
		HideSolutionNode = FALSE
	EndGlobalSection
	GlobalSection(ExtensibilityGlobals) = postSolution
		SolutionGuid = {8491DAFF-8BE0-4FA8-AA43-0CE1DD9AD2B6}
	EndGlobalSection
EndGlobal
